// !$*UTF8*$!
{
	archiveVersion = 1;
	classes = {
	};
	objectVersion = 46;
	objects = {

/* Begin PBXBuildFile section */
		E6045D0A1D2AE445007E70CD /* pop.framework in Frameworks */ = {isa = PBXBuildFile; fileRef = E6045D091D2AE445007E70CD /* pop.framework */; };
		E62CAC331D24529D00C7BC02 /* BrowserToolbarController.swift in Sources */ = {isa = PBXBuildFile; fileRef = E62CAC321D24529D00C7BC02 /* BrowserToolbarController.swift */; };
		E62CAC351D2452BD00C7BC02 /* ChromeView.swift in Sources */ = {isa = PBXBuildFile; fileRef = E62CAC341D2452BD00C7BC02 /* ChromeView.swift */; };
		E62CAC371D2452C400C7BC02 /* ToolbarView.swift in Sources */ = {isa = PBXBuildFile; fileRef = E62CAC361D2452C400C7BC02 /* ToolbarView.swift */; };
		E62CAC3D1D24532D00C7BC02 /* Metrics.swift in Sources */ = {isa = PBXBuildFile; fileRef = E62CAC3C1D24532D00C7BC02 /* Metrics.swift */; };
		E62E02921D2AB91100F29C33 /* URLBarLayouts.swift in Sources */ = {isa = PBXBuildFile; fileRef = E62E02911D2AB91100F29C33 /* URLBarLayouts.swift */; };
		E69DE7D81D2429FA00B9F24B /* AppDelegate.swift in Sources */ = {isa = PBXBuildFile; fileRef = E69DE7D71D2429FA00B9F24B /* AppDelegate.swift */; };
		E69DE7DA1D2429FA00B9F24B /* BrowserViewController.swift in Sources */ = {isa = PBXBuildFile; fileRef = E69DE7D91D2429FA00B9F24B /* BrowserViewController.swift */; };
		E69DE7DF1D2429FA00B9F24B /* Assets.xcassets in Resources */ = {isa = PBXBuildFile; fileRef = E69DE7DE1D2429FA00B9F24B /* Assets.xcassets */; };
		E69DE7E21D2429FA00B9F24B /* LaunchScreen.storyboard in Resources */ = {isa = PBXBuildFile; fileRef = E69DE7E01D2429FA00B9F24B /* LaunchScreen.storyboard */; };
		E69DE7ED1D2429FA00B9F24B /* FirefoxBrowserViewTests.swift in Sources */ = {isa = PBXBuildFile; fileRef = E69DE7EC1D2429FA00B9F24B /* FirefoxBrowserViewTests.swift */; };
		E69DE7F81D2429FA00B9F24B /* FirefoxBrowserViewUITests.swift in Sources */ = {isa = PBXBuildFile; fileRef = E69DE7F71D2429FA00B9F24B /* FirefoxBrowserViewUITests.swift */; };
		E6BD008A1D2455BC00C18A29 /* URLBarView.swift in Sources */ = {isa = PBXBuildFile; fileRef = E6BD00891D2455BC00C18A29 /* URLBarView.swift */; };
		E6BD008C1D24582700C18A29 /* WebViewCallbackController.swift in Sources */ = {isa = PBXBuildFile; fileRef = E6BD008B1D24582700C18A29 /* WebViewCallbackController.swift */; };
		E6BD008F1D2459DB00C18A29 /* BrowserModel.swift in Sources */ = {isa = PBXBuildFile; fileRef = E6BD008E1D2459DB00C18A29 /* BrowserModel.swift */; };
		E6DBEE681D259902008E0732 /* HomeViewController.swift in Sources */ = {isa = PBXBuildFile; fileRef = E6DBEE671D259902008E0732 /* HomeViewController.swift */; };
		E6DBEE6A1D259921008E0732 /* FirefoxWebViewController.swift in Sources */ = {isa = PBXBuildFile; fileRef = E6DBEE691D259921008E0732 /* FirefoxWebViewController.swift */; };
		E6F673DF1D25B6AC006A9F24 /* ChromeLayouts.swift in Sources */ = {isa = PBXBuildFile; fileRef = E6F673DE1D25B6AC006A9F24 /* ChromeLayouts.swift */; };
/* End PBXBuildFile section */

/* Begin PBXContainerItemProxy section */
		E69DE7E91D2429FA00B9F24B /* PBXContainerItemProxy */ = {
			isa = PBXContainerItemProxy;
			containerPortal = E69DE7CC1D2429FA00B9F24B /* Project object */;
			proxyType = 1;
			remoteGlobalIDString = E69DE7D31D2429FA00B9F24B;
			remoteInfo = FirefoxBrowserView;
		};
		E69DE7F41D2429FA00B9F24B /* PBXContainerItemProxy */ = {
			isa = PBXContainerItemProxy;
			containerPortal = E69DE7CC1D2429FA00B9F24B /* Project object */;
			proxyType = 1;
			remoteGlobalIDString = E69DE7D31D2429FA00B9F24B;
			remoteInfo = FirefoxBrowserView;
		};
/* End PBXContainerItemProxy section */

/* Begin PBXFileReference section */
		E6045D091D2AE445007E70CD /* pop.framework */ = {isa = PBXFileReference; lastKnownFileType = wrapper.framework; name = pop.framework; path = Carthage/Build/iOS/pop.framework; sourceTree = "<group>"; };
		E62CAC321D24529D00C7BC02 /* BrowserToolbarController.swift */ = {isa = PBXFileReference; fileEncoding = 4; lastKnownFileType = sourcecode.swift; path = BrowserToolbarController.swift; sourceTree = "<group>"; };
		E62CAC341D2452BD00C7BC02 /* ChromeView.swift */ = {isa = PBXFileReference; fileEncoding = 4; lastKnownFileType = sourcecode.swift; path = ChromeView.swift; sourceTree = "<group>"; };
		E62CAC361D2452C400C7BC02 /* ToolbarView.swift */ = {isa = PBXFileReference; fileEncoding = 4; lastKnownFileType = sourcecode.swift; path = ToolbarView.swift; sourceTree = "<group>"; };
		E62CAC3C1D24532D00C7BC02 /* Metrics.swift */ = {isa = PBXFileReference; fileEncoding = 4; lastKnownFileType = sourcecode.swift; path = Metrics.swift; sourceTree = "<group>"; };
		E62E02911D2AB91100F29C33 /* URLBarLayouts.swift */ = {isa = PBXFileReference; fileEncoding = 4; lastKnownFileType = sourcecode.swift; path = URLBarLayouts.swift; sourceTree = "<group>"; };
		E69DE7D41D2429FA00B9F24B /* FirefoxBrowserView.app */ = {isa = PBXFileReference; explicitFileType = wrapper.application; includeInIndex = 0; path = FirefoxBrowserView.app; sourceTree = BUILT_PRODUCTS_DIR; };
		E69DE7D71D2429FA00B9F24B /* AppDelegate.swift */ = {isa = PBXFileReference; lastKnownFileType = sourcecode.swift; path = AppDelegate.swift; sourceTree = "<group>"; };
		E69DE7D91D2429FA00B9F24B /* BrowserViewController.swift */ = {isa = PBXFileReference; lastKnownFileType = sourcecode.swift; path = BrowserViewController.swift; sourceTree = "<group>"; };
		E69DE7DE1D2429FA00B9F24B /* Assets.xcassets */ = {isa = PBXFileReference; lastKnownFileType = folder.assetcatalog; path = Assets.xcassets; sourceTree = "<group>"; };
		E69DE7E11D2429FA00B9F24B /* Base */ = {isa = PBXFileReference; lastKnownFileType = file.storyboard; name = Base; path = Base.lproj/LaunchScreen.storyboard; sourceTree = "<group>"; };
		E69DE7E31D2429FA00B9F24B /* Info.plist */ = {isa = PBXFileReference; lastKnownFileType = text.plist.xml; path = Info.plist; sourceTree = "<group>"; };
		E69DE7E81D2429FA00B9F24B /* FirefoxBrowserViewTests.xctest */ = {isa = PBXFileReference; explicitFileType = wrapper.cfbundle; includeInIndex = 0; path = FirefoxBrowserViewTests.xctest; sourceTree = BUILT_PRODUCTS_DIR; };
		E69DE7EC1D2429FA00B9F24B /* FirefoxBrowserViewTests.swift */ = {isa = PBXFileReference; lastKnownFileType = sourcecode.swift; path = FirefoxBrowserViewTests.swift; sourceTree = "<group>"; };
		E69DE7EE1D2429FA00B9F24B /* Info.plist */ = {isa = PBXFileReference; lastKnownFileType = text.plist.xml; path = Info.plist; sourceTree = "<group>"; };
		E69DE7F31D2429FA00B9F24B /* FirefoxBrowserViewUITests.xctest */ = {isa = PBXFileReference; explicitFileType = wrapper.cfbundle; includeInIndex = 0; path = FirefoxBrowserViewUITests.xctest; sourceTree = BUILT_PRODUCTS_DIR; };
		E69DE7F71D2429FA00B9F24B /* FirefoxBrowserViewUITests.swift */ = {isa = PBXFileReference; lastKnownFileType = sourcecode.swift; path = FirefoxBrowserViewUITests.swift; sourceTree = "<group>"; };
		E69DE7F91D2429FA00B9F24B /* Info.plist */ = {isa = PBXFileReference; lastKnownFileType = text.plist.xml; path = Info.plist; sourceTree = "<group>"; };
		E6BD00891D2455BC00C18A29 /* URLBarView.swift */ = {isa = PBXFileReference; fileEncoding = 4; lastKnownFileType = sourcecode.swift; path = URLBarView.swift; sourceTree = "<group>"; };
		E6BD008B1D24582700C18A29 /* WebViewCallbackController.swift */ = {isa = PBXFileReference; fileEncoding = 4; lastKnownFileType = sourcecode.swift; path = WebViewCallbackController.swift; sourceTree = "<group>"; };
		E6BD008E1D2459DB00C18A29 /* BrowserModel.swift */ = {isa = PBXFileReference; fileEncoding = 4; lastKnownFileType = sourcecode.swift; path = BrowserModel.swift; sourceTree = "<group>"; };
		E6DBEE671D259902008E0732 /* HomeViewController.swift */ = {isa = PBXFileReference; fileEncoding = 4; lastKnownFileType = sourcecode.swift; path = HomeViewController.swift; sourceTree = "<group>"; };
		E6DBEE691D259921008E0732 /* FirefoxWebViewController.swift */ = {isa = PBXFileReference; fileEncoding = 4; lastKnownFileType = sourcecode.swift; path = FirefoxWebViewController.swift; sourceTree = "<group>"; };
		E6F673DE1D25B6AC006A9F24 /* ChromeLayouts.swift */ = {isa = PBXFileReference; fileEncoding = 4; lastKnownFileType = sourcecode.swift; path = ChromeLayouts.swift; sourceTree = "<group>"; };
/* End PBXFileReference section */

/* Begin PBXFrameworksBuildPhase section */
		E69DE7D11D2429FA00B9F24B /* Frameworks */ = {
			isa = PBXFrameworksBuildPhase;
			buildActionMask = 2147483647;
			files = (
				E6045D0A1D2AE445007E70CD /* pop.framework in Frameworks */,
			);
			runOnlyForDeploymentPostprocessing = 0;
		};
		E69DE7E51D2429FA00B9F24B /* Frameworks */ = {
			isa = PBXFrameworksBuildPhase;
			buildActionMask = 2147483647;
			files = (
			);
			runOnlyForDeploymentPostprocessing = 0;
		};
		E69DE7F01D2429FA00B9F24B /* Frameworks */ = {
			isa = PBXFrameworksBuildPhase;
			buildActionMask = 2147483647;
			files = (
			);
			runOnlyForDeploymentPostprocessing = 0;
		};
/* End PBXFrameworksBuildPhase section */

/* Begin PBXGroup section */
		E6045D081D2AE445007E70CD /* Frameworks */ = {
			isa = PBXGroup;
			children = (
				E6045D091D2AE445007E70CD /* pop.framework */,
			);
			name = Frameworks;
			sourceTree = "<group>";
		};
		E62CAC2F1D24527B00C7BC02 /* Layouts */ = {
			isa = PBXGroup;
			children = (
				E62CAC3C1D24532D00C7BC02 /* Metrics.swift */,
				E6F673DE1D25B6AC006A9F24 /* ChromeLayouts.swift */,
				E62E02911D2AB91100F29C33 /* URLBarLayouts.swift */,
			);
			name = Layouts;
			sourceTree = "<group>";
		};
		E62CAC301D24528100C7BC02 /* Views */ = {
			isa = PBXGroup;
			children = (
				E62CAC341D2452BD00C7BC02 /* ChromeView.swift */,
				E62CAC361D2452C400C7BC02 /* ToolbarView.swift */,
				E6BD00891D2455BC00C18A29 /* URLBarView.swift */,
			);
			name = Views;
			sourceTree = "<group>";
		};
		E62CAC311D24528500C7BC02 /* Controllers */ = {
			isa = PBXGroup;
			children = (
				E62CAC321D24529D00C7BC02 /* BrowserToolbarController.swift */,
				E6BD008B1D24582700C18A29 /* WebViewCallbackController.swift */,
			);
			name = Controllers;
			sourceTree = "<group>";
		};
		E62CAC3E1D24534F00C7BC02 /* View Controllers */ = {
			isa = PBXGroup;
			children = (
				E69DE7D91D2429FA00B9F24B /* BrowserViewController.swift */,
				E6DBEE691D259921008E0732 /* FirefoxWebViewController.swift */,
				E6DBEE671D259902008E0732 /* HomeViewController.swift */,
			);
			name = "View Controllers";
			sourceTree = "<group>";
		};
		E69DE7CB1D2429FA00B9F24B = {
			isa = PBXGroup;
			children = (
				E69DE7D61D2429FA00B9F24B /* FirefoxBrowserView */,
				E69DE7EB1D2429FA00B9F24B /* FirefoxBrowserViewTests */,
				E69DE7F61D2429FA00B9F24B /* FirefoxBrowserViewUITests */,
				E69DE7D51D2429FA00B9F24B /* Products */,
				E6045D081D2AE445007E70CD /* Frameworks */,
			);
			sourceTree = "<group>";
		};
		E69DE7D51D2429FA00B9F24B /* Products */ = {
			isa = PBXGroup;
			children = (
				E69DE7D41D2429FA00B9F24B /* FirefoxBrowserView.app */,
				E69DE7E81D2429FA00B9F24B /* FirefoxBrowserViewTests.xctest */,
				E69DE7F31D2429FA00B9F24B /* FirefoxBrowserViewUITests.xctest */,
			);
			name = Products;
			sourceTree = "<group>";
		};
		E69DE7D61D2429FA00B9F24B /* FirefoxBrowserView */ = {
			isa = PBXGroup;
			children = (
				E6BD008D1D2459CA00C18A29 /* Models */,
				E62CAC3E1D24534F00C7BC02 /* View Controllers */,
				E62CAC311D24528500C7BC02 /* Controllers */,
				E62CAC301D24528100C7BC02 /* Views */,
				E62CAC2F1D24527B00C7BC02 /* Layouts */,
				E69DE7D71D2429FA00B9F24B /* AppDelegate.swift */,
				E69DE7DE1D2429FA00B9F24B /* Assets.xcassets */,
				E69DE7E01D2429FA00B9F24B /* LaunchScreen.storyboard */,
				E69DE7E31D2429FA00B9F24B /* Info.plist */,
			);
			path = FirefoxBrowserView;
			sourceTree = "<group>";
		};
		E69DE7EB1D2429FA00B9F24B /* FirefoxBrowserViewTests */ = {
			isa = PBXGroup;
			children = (
				E69DE7EC1D2429FA00B9F24B /* FirefoxBrowserViewTests.swift */,
				E69DE7EE1D2429FA00B9F24B /* Info.plist */,
			);
			path = FirefoxBrowserViewTests;
			sourceTree = "<group>";
		};
		E69DE7F61D2429FA00B9F24B /* FirefoxBrowserViewUITests */ = {
			isa = PBXGroup;
			children = (
				E69DE7F71D2429FA00B9F24B /* FirefoxBrowserViewUITests.swift */,
				E69DE7F91D2429FA00B9F24B /* Info.plist */,
			);
			path = FirefoxBrowserViewUITests;
			sourceTree = "<group>";
		};
		E6BD008D1D2459CA00C18A29 /* Models */ = {
			isa = PBXGroup;
			children = (
				E6BD008E1D2459DB00C18A29 /* BrowserModel.swift */,
			);
			name = Models;
			sourceTree = "<group>";
		};
/* End PBXGroup section */

/* Begin PBXNativeTarget section */
		E69DE7D31D2429FA00B9F24B /* FirefoxBrowserView */ = {
			isa = PBXNativeTarget;
			buildConfigurationList = E69DE7FC1D2429FA00B9F24B /* Build configuration list for PBXNativeTarget "FirefoxBrowserView" */;
			buildPhases = (
				E69DE7D01D2429FA00B9F24B /* Sources */,
				E69DE7D11D2429FA00B9F24B /* Frameworks */,
				E69DE7D21D2429FA00B9F24B /* Resources */,
				E6045D0B1D2AE5B2007E70CD /* ShellScript */,
			);
			buildRules = (
			);
			dependencies = (
			);
			name = FirefoxBrowserView;
			productName = FirefoxBrowserView;
			productReference = E69DE7D41D2429FA00B9F24B /* FirefoxBrowserView.app */;
			productType = "com.apple.product-type.application";
		};
		E69DE7E71D2429FA00B9F24B /* FirefoxBrowserViewTests */ = {
			isa = PBXNativeTarget;
			buildConfigurationList = E69DE7FF1D2429FA00B9F24B /* Build configuration list for PBXNativeTarget "FirefoxBrowserViewTests" */;
			buildPhases = (
				E69DE7E41D2429FA00B9F24B /* Sources */,
				E69DE7E51D2429FA00B9F24B /* Frameworks */,
				E69DE7E61D2429FA00B9F24B /* Resources */,
			);
			buildRules = (
			);
			dependencies = (
				E69DE7EA1D2429FA00B9F24B /* PBXTargetDependency */,
			);
			name = FirefoxBrowserViewTests;
			productName = FirefoxBrowserViewTests;
			productReference = E69DE7E81D2429FA00B9F24B /* FirefoxBrowserViewTests.xctest */;
			productType = "com.apple.product-type.bundle.unit-test";
		};
		E69DE7F21D2429FA00B9F24B /* FirefoxBrowserViewUITests */ = {
			isa = PBXNativeTarget;
			buildConfigurationList = E69DE8021D2429FA00B9F24B /* Build configuration list for PBXNativeTarget "FirefoxBrowserViewUITests" */;
			buildPhases = (
				E69DE7EF1D2429FA00B9F24B /* Sources */,
				E69DE7F01D2429FA00B9F24B /* Frameworks */,
				E69DE7F11D2429FA00B9F24B /* Resources */,
			);
			buildRules = (
			);
			dependencies = (
				E69DE7F51D2429FA00B9F24B /* PBXTargetDependency */,
			);
			name = FirefoxBrowserViewUITests;
			productName = FirefoxBrowserViewUITests;
			productReference = E69DE7F31D2429FA00B9F24B /* FirefoxBrowserViewUITests.xctest */;
			productType = "com.apple.product-type.bundle.ui-testing";
		};
/* End PBXNativeTarget section */

/* Begin PBXProject section */
		E69DE7CC1D2429FA00B9F24B /* Project object */ = {
			isa = PBXProject;
			attributes = {
				LastSwiftUpdateCheck = 0800;
				LastUpgradeCheck = 0800;
				ORGANIZATIONNAME = Mozilla;
				TargetAttributes = {
					E69DE7D31D2429FA00B9F24B = {
						CreatedOnToolsVersion = 8.0;
						DevelopmentTeam = 43AQ936H96;
						DevelopmentTeamName = "Mozilla Corporation";
						ProvisioningStyle = Automatic;
					};
					E69DE7E71D2429FA00B9F24B = {
						CreatedOnToolsVersion = 8.0;
						DevelopmentTeam = 43AQ936H96;
						DevelopmentTeamName = "Mozilla Corporation";
						ProvisioningStyle = Automatic;
						TestTargetID = E69DE7D31D2429FA00B9F24B;
					};
					E69DE7F21D2429FA00B9F24B = {
						CreatedOnToolsVersion = 8.0;
						DevelopmentTeam = 43AQ936H96;
						DevelopmentTeamName = "Mozilla Corporation";
						ProvisioningStyle = Automatic;
						TestTargetID = E69DE7D31D2429FA00B9F24B;
					};
				};
			};
			buildConfigurationList = E69DE7CF1D2429FA00B9F24B /* Build configuration list for PBXProject "FirefoxBrowserView" */;
			compatibilityVersion = "Xcode 3.2";
			developmentRegion = English;
			hasScannedForEncodings = 0;
			knownRegions = (
				en,
				Base,
			);
			mainGroup = E69DE7CB1D2429FA00B9F24B;
			productRefGroup = E69DE7D51D2429FA00B9F24B /* Products */;
			projectDirPath = "";
			projectRoot = "";
			targets = (
				E69DE7D31D2429FA00B9F24B /* FirefoxBrowserView */,
				E69DE7E71D2429FA00B9F24B /* FirefoxBrowserViewTests */,
				E69DE7F21D2429FA00B9F24B /* FirefoxBrowserViewUITests */,
			);
		};
/* End PBXProject section */

/* Begin PBXResourcesBuildPhase section */
		E69DE7D21D2429FA00B9F24B /* Resources */ = {
			isa = PBXResourcesBuildPhase;
			buildActionMask = 2147483647;
			files = (
				E69DE7E21D2429FA00B9F24B /* LaunchScreen.storyboard in Resources */,
				E69DE7DF1D2429FA00B9F24B /* Assets.xcassets in Resources */,
			);
			runOnlyForDeploymentPostprocessing = 0;
		};
		E69DE7E61D2429FA00B9F24B /* Resources */ = {
			isa = PBXResourcesBuildPhase;
			buildActionMask = 2147483647;
			files = (
			);
			runOnlyForDeploymentPostprocessing = 0;
		};
		E69DE7F11D2429FA00B9F24B /* Resources */ = {
			isa = PBXResourcesBuildPhase;
			buildActionMask = 2147483647;
			files = (
			);
			runOnlyForDeploymentPostprocessing = 0;
		};
/* End PBXResourcesBuildPhase section */

/* Begin PBXShellScriptBuildPhase section */
		E6045D0B1D2AE5B2007E70CD /* ShellScript */ = {
			isa = PBXShellScriptBuildPhase;
			buildActionMask = 2147483647;
			files = (
			);
			inputPaths = (
				"$(SRCROOT)/Carthage/Build/iOS/pop.framework",
			);
			outputPaths = (
			);
			runOnlyForDeploymentPostprocessing = 0;
			shellPath = /bin/sh;
			shellScript = "/usr/local/bin/carthage copy-frameworks";
		};
/* End PBXShellScriptBuildPhase section */

/* Begin PBXSourcesBuildPhase section */
		E69DE7D01D2429FA00B9F24B /* Sources */ = {
			isa = PBXSourcesBuildPhase;
			buildActionMask = 2147483647;
			files = (
				E62CAC331D24529D00C7BC02 /* BrowserToolbarController.swift in Sources */,
				E62CAC371D2452C400C7BC02 /* ToolbarView.swift in Sources */,
				E6BD008C1D24582700C18A29 /* WebViewCallbackController.swift in Sources */,
				E6BD008A1D2455BC00C18A29 /* URLBarView.swift in Sources */,
				E6BD008F1D2459DB00C18A29 /* BrowserModel.swift in Sources */,
				E6DBEE681D259902008E0732 /* HomeViewController.swift in Sources */,
				E69DE7DA1D2429FA00B9F24B /* BrowserViewController.swift in Sources */,
				E69DE7D81D2429FA00B9F24B /* AppDelegate.swift in Sources */,
				E62E02921D2AB91100F29C33 /* URLBarLayouts.swift in Sources */,
				E6DBEE6A1D259921008E0732 /* FirefoxWebViewController.swift in Sources */,
				E6F673DF1D25B6AC006A9F24 /* ChromeLayouts.swift in Sources */,
				E62CAC351D2452BD00C7BC02 /* ChromeView.swift in Sources */,
				E62CAC3D1D24532D00C7BC02 /* Metrics.swift in Sources */,
			);
			runOnlyForDeploymentPostprocessing = 0;
		};
		E69DE7E41D2429FA00B9F24B /* Sources */ = {
			isa = PBXSourcesBuildPhase;
			buildActionMask = 2147483647;
			files = (
				E69DE7ED1D2429FA00B9F24B /* FirefoxBrowserViewTests.swift in Sources */,
			);
			runOnlyForDeploymentPostprocessing = 0;
		};
		E69DE7EF1D2429FA00B9F24B /* Sources */ = {
			isa = PBXSourcesBuildPhase;
			buildActionMask = 2147483647;
			files = (
				E69DE7F81D2429FA00B9F24B /* FirefoxBrowserViewUITests.swift in Sources */,
			);
			runOnlyForDeploymentPostprocessing = 0;
		};
/* End PBXSourcesBuildPhase section */

/* Begin PBXTargetDependency section */
		E69DE7EA1D2429FA00B9F24B /* PBXTargetDependency */ = {
			isa = PBXTargetDependency;
			target = E69DE7D31D2429FA00B9F24B /* FirefoxBrowserView */;
			targetProxy = E69DE7E91D2429FA00B9F24B /* PBXContainerItemProxy */;
		};
		E69DE7F51D2429FA00B9F24B /* PBXTargetDependency */ = {
			isa = PBXTargetDependency;
			target = E69DE7D31D2429FA00B9F24B /* FirefoxBrowserView */;
			targetProxy = E69DE7F41D2429FA00B9F24B /* PBXContainerItemProxy */;
		};
/* End PBXTargetDependency section */

/* Begin PBXVariantGroup section */
		E69DE7E01D2429FA00B9F24B /* LaunchScreen.storyboard */ = {
			isa = PBXVariantGroup;
			children = (
				E69DE7E11D2429FA00B9F24B /* Base */,
			);
			name = LaunchScreen.storyboard;
			sourceTree = "<group>";
		};
/* End PBXVariantGroup section */

/* Begin XCBuildConfiguration section */
		E69DE7FA1D2429FA00B9F24B /* Debug */ = {
			isa = XCBuildConfiguration;
			buildSettings = {
				ALWAYS_SEARCH_USER_PATHS = NO;
				CLANG_ANALYZER_NONNULL = YES;
				CLANG_CXX_LANGUAGE_STANDARD = "gnu++0x";
				CLANG_CXX_LIBRARY = "libc++";
				CLANG_ENABLE_MODULES = YES;
				CLANG_ENABLE_OBJC_ARC = YES;
				CLANG_WARN_BOOL_CONVERSION = YES;
				CLANG_WARN_CONSTANT_CONVERSION = YES;
				CLANG_WARN_DIRECT_OBJC_ISA_USAGE = YES_ERROR;
				CLANG_WARN_DOCUMENTATION_COMMENTS = YES;
				CLANG_WARN_EMPTY_BODY = YES;
				CLANG_WARN_ENUM_CONVERSION = YES;
				CLANG_WARN_INT_CONVERSION = YES;
				CLANG_WARN_OBJC_ROOT_CLASS = YES_ERROR;
				CLANG_WARN_UNREACHABLE_CODE = YES;
				CLANG_WARN__DUPLICATE_METHOD_MATCH = YES;
				"CODE_SIGN_IDENTITY[sdk=iphoneos*]" = "iPhone Developer";
				COPY_PHASE_STRIP = NO;
				DEBUG_INFORMATION_FORMAT = dwarf;
				ENABLE_STRICT_OBJC_MSGSEND = YES;
				ENABLE_TESTABILITY = YES;
				GCC_C_LANGUAGE_STANDARD = gnu99;
				GCC_DYNAMIC_NO_PIC = NO;
				GCC_NO_COMMON_BLOCKS = YES;
				GCC_OPTIMIZATION_LEVEL = 0;
				GCC_PREPROCESSOR_DEFINITIONS = (
					"DEBUG=1",
					"$(inherited)",
				);
				GCC_WARN_64_TO_32_BIT_CONVERSION = YES;
				GCC_WARN_ABOUT_RETURN_TYPE = YES_ERROR;
				GCC_WARN_UNDECLARED_SELECTOR = YES;
				GCC_WARN_UNINITIALIZED_AUTOS = YES_AGGRESSIVE;
				GCC_WARN_UNUSED_FUNCTION = YES;
				GCC_WARN_UNUSED_VARIABLE = YES;
				IPHONEOS_DEPLOYMENT_TARGET = 10.0;
				MTL_ENABLE_DEBUG_INFO = YES;
				ONLY_ACTIVE_ARCH = YES;
				SDKROOT = iphoneos;
				SWIFT_ACTIVE_COMPILATION_CONDITIONS = DEBUG;
				SWIFT_OPTIMIZATION_LEVEL = "-Onone";
				TARGETED_DEVICE_FAMILY = "1,2";
			};
			name = Debug;
		};
		E69DE7FB1D2429FA00B9F24B /* Release */ = {
			isa = XCBuildConfiguration;
			buildSettings = {
				ALWAYS_SEARCH_USER_PATHS = NO;
				CLANG_ANALYZER_NONNULL = YES;
				CLANG_CXX_LANGUAGE_STANDARD = "gnu++0x";
				CLANG_CXX_LIBRARY = "libc++";
				CLANG_ENABLE_MODULES = YES;
				CLANG_ENABLE_OBJC_ARC = YES;
				CLANG_WARN_BOOL_CONVERSION = YES;
				CLANG_WARN_CONSTANT_CONVERSION = YES;
				CLANG_WARN_DIRECT_OBJC_ISA_USAGE = YES_ERROR;
				CLANG_WARN_DOCUMENTATION_COMMENTS = YES;
				CLANG_WARN_EMPTY_BODY = YES;
				CLANG_WARN_ENUM_CONVERSION = YES;
				CLANG_WARN_INT_CONVERSION = YES;
				CLANG_WARN_OBJC_ROOT_CLASS = YES_ERROR;
				CLANG_WARN_UNREACHABLE_CODE = YES;
				CLANG_WARN__DUPLICATE_METHOD_MATCH = YES;
				"CODE_SIGN_IDENTITY[sdk=iphoneos*]" = "iPhone Developer";
				COPY_PHASE_STRIP = NO;
				DEBUG_INFORMATION_FORMAT = "dwarf-with-dsym";
				ENABLE_NS_ASSERTIONS = NO;
				ENABLE_STRICT_OBJC_MSGSEND = YES;
				GCC_C_LANGUAGE_STANDARD = gnu99;
				GCC_NO_COMMON_BLOCKS = YES;
				GCC_WARN_64_TO_32_BIT_CONVERSION = YES;
				GCC_WARN_ABOUT_RETURN_TYPE = YES_ERROR;
				GCC_WARN_UNDECLARED_SELECTOR = YES;
				GCC_WARN_UNINITIALIZED_AUTOS = YES_AGGRESSIVE;
				GCC_WARN_UNUSED_FUNCTION = YES;
				GCC_WARN_UNUSED_VARIABLE = YES;
				IPHONEOS_DEPLOYMENT_TARGET = 10.0;
				MTL_ENABLE_DEBUG_INFO = NO;
				SDKROOT = iphoneos;
				SWIFT_OPTIMIZATION_LEVEL = "-Owholemodule";
				TARGETED_DEVICE_FAMILY = "1,2";
				VALIDATE_PRODUCT = YES;
			};
			name = Release;
		};
		E69DE7FD1D2429FA00B9F24B /* Debug */ = {
			isa = XCBuildConfiguration;
			buildSettings = {
				ASSETCATALOG_COMPILER_APPICON_NAME = AppIcon;
				FRAMEWORK_SEARCH_PATHS = (
					"$(inherited)",
					"$(PROJECT_DIR)/Carthage/Build/iOS",
				);
				INFOPLIST_FILE = FirefoxBrowserView/Info.plist;
				LD_RUNPATH_SEARCH_PATHS = "$(inherited) @executable_path/Frameworks";
				PRODUCT_BUNDLE_IDENTIFIER = org.mozilla.ios.FirefoxBrowserView;
				PRODUCT_NAME = "$(TARGET_NAME)";
				SWIFT_VERSION = 3.0;
			};
			name = Debug;
		};
		E69DE7FE1D2429FA00B9F24B /* Release */ = {
			isa = XCBuildConfiguration;
			buildSettings = {
				ASSETCATALOG_COMPILER_APPICON_NAME = AppIcon;
				FRAMEWORK_SEARCH_PATHS = (
					"$(inherited)",
					"$(PROJECT_DIR)/Carthage/Build/iOS",
				);
				INFOPLIST_FILE = FirefoxBrowserView/Info.plist;
				LD_RUNPATH_SEARCH_PATHS = "$(inherited) @executable_path/Frameworks";
				PRODUCT_BUNDLE_IDENTIFIER = org.mozilla.ios.FirefoxBrowserView;
				PRODUCT_NAME = "$(TARGET_NAME)";
				SWIFT_VERSION = 3.0;
			};
			name = Release;
		};
		E69DE8001D2429FA00B9F24B /* Debug */ = {
			isa = XCBuildConfiguration;
			buildSettings = {
				BUNDLE_LOADER = "$(TEST_HOST)";
				INFOPLIST_FILE = FirefoxBrowserViewTests/Info.plist;
				LD_RUNPATH_SEARCH_PATHS = "$(inherited) @executable_path/Frameworks @loader_path/Frameworks";
				PRODUCT_BUNDLE_IDENTIFIER = org.mozilla.ios.FirefoxBrowserViewTests;
				PRODUCT_NAME = "$(TARGET_NAME)";
				SWIFT_VERSION = 3.0;
				TEST_HOST = "$(BUILT_PRODUCTS_DIR)/FirefoxBrowserView.app/FirefoxBrowserView";
			};
			name = Debug;
		};
		E69DE8011D2429FA00B9F24B /* Release */ = {
			isa = XCBuildConfiguration;
			buildSettings = {
				BUNDLE_LOADER = "$(TEST_HOST)";
				INFOPLIST_FILE = FirefoxBrowserViewTests/Info.plist;
				LD_RUNPATH_SEARCH_PATHS = "$(inherited) @executable_path/Frameworks @loader_path/Frameworks";
				PRODUCT_BUNDLE_IDENTIFIER = org.mozilla.ios.FirefoxBrowserViewTests;
				PRODUCT_NAME = "$(TARGET_NAME)";
				SWIFT_VERSION = 3.0;
				TEST_HOST = "$(BUILT_PRODUCTS_DIR)/FirefoxBrowserView.app/FirefoxBrowserView";
			};
			name = Release;
		};
		E69DE8031D2429FA00B9F24B /* Debug */ = {
			isa = XCBuildConfiguration;
			buildSettings = {
				INFOPLIST_FILE = FirefoxBrowserViewUITests/Info.plist;
				LD_RUNPATH_SEARCH_PATHS = "$(inherited) @executable_path/Frameworks @loader_path/Frameworks";
				PRODUCT_BUNDLE_IDENTIFIER = org.mozilla.ios.FirefoxBrowserViewUITests;
				PRODUCT_NAME = "$(TARGET_NAME)";
				SWIFT_VERSION = 3.0;
				TEST_TARGET_NAME = FirefoxBrowserView;
			};
			name = Debug;
		};
		E69DE8041D2429FA00B9F24B /* Release */ = {
			isa = XCBuildConfiguration;
			buildSettings = {
				INFOPLIST_FILE = FirefoxBrowserViewUITests/Info.plist;
				LD_RUNPATH_SEARCH_PATHS = "$(inherited) @executable_path/Frameworks @loader_path/Frameworks";
				PRODUCT_BUNDLE_IDENTIFIER = org.mozilla.ios.FirefoxBrowserViewUITests;
				PRODUCT_NAME = "$(TARGET_NAME)";
				SWIFT_VERSION = 3.0;
				TEST_TARGET_NAME = FirefoxBrowserView;
			};
			name = Release;
		};
/* End XCBuildConfiguration section */

/* Begin XCConfigurationList section */
		E69DE7CF1D2429FA00B9F24B /* Build configuration list for PBXProject "FirefoxBrowserView" */ = {
			isa = XCConfigurationList;
			buildConfigurations = (
				E69DE7FA1D2429FA00B9F24B /* Debug */,
				E69DE7FB1D2429FA00B9F24B /* Release */,
			);
			defaultConfigurationIsVisible = 0;
			defaultConfigurationName = Release;
		};
		E69DE7FC1D2429FA00B9F24B /* Build configuration list for PBXNativeTarget "FirefoxBrowserView" */ = {
			isa = XCConfigurationList;
			buildConfigurations = (
				E69DE7FD1D2429FA00B9F24B /* Debug */,
				E69DE7FE1D2429FA00B9F24B /* Release */,
			);
			defaultConfigurationIsVisible = 0;
			defaultConfigurationName = Release;
		};
		E69DE7FF1D2429FA00B9F24B /* Build configuration list for PBXNativeTarget "FirefoxBrowserViewTests" */ = {
			isa = XCConfigurationList;
			buildConfigurations = (
				E69DE8001D2429FA00B9F24B /* Debug */,
				E69DE8011D2429FA00B9F24B /* Release */,
			);
			defaultConfigurationIsVisible = 0;
			defaultConfigurationName = Release;
		};
		E69DE8021D2429FA00B9F24B /* Build configuration list for PBXNativeTarget "FirefoxBrowserViewUITests" */ = {
			isa = XCConfigurationList;
			buildConfigurations = (
				E69DE8031D2429FA00B9F24B /* Debug */,
				E69DE8041D2429FA00B9F24B /* Release */,
			);
			defaultConfigurationIsVisible = 0;
			defaultConfigurationName = Release;
		};
/* End XCConfigurationList section */
	};
	rootObject = E69DE7CC1D2429FA00B9F24B /* Project object */;
}
